
Microsoft Visual Studio Solution File, Format Version 12.00
# Visual Studio 15
Project("{FAE04EC0-301F-11D3-BF4B-00C04F79EFBC}") = "Dung.CLI", "Dung.CLI\Dung.CLI.csproj", "{EEBE2E5D-9748-44D1-9B88-F7DB2738B9EE}"
EndProject
Project("{FAE04EC0-301F-11D3-BF4B-00C04F79EFBC}") = "Dung.Ninja", "Dung.Ninja\Dung.Ninja.csproj", "{947EA297-2531-4B63-AD97-62450BE372E1}"
EndProject
Project("{FAE04EC0-301F-11D3-BF4B-00C04F79EFBC}") = "Dung.Lib", "Dung.Lib\Dung.Lib.csproj", "{6F014403-4D4D-4E42-AB89-00940578E34D}"
EndProject
Project("{FAE04EC0-301F-11D3-BF4B-00C04F79EFBC}") = "Dung.Plugin", "Dung.Plugin\Dung.Plugin.csproj", "{BFC3C771-E163-4780-B2A5-BC061FDE7681}"
EndProject
Project("{FAE04EC0-301F-11D3-BF4B-00C04F79EFBC}") = "Dung.Plugins.C", "Dung.Plugins.C\Dung.Plugins.C.csproj", "{B445F076-E9E3-4461-A24A-619CBDB3748C}"
EndProject
Project("{FAE04EC0-301F-11D3-BF4B-00C04F79EFBC}") = "Dung.Plugins.C.Tests", "Dung.Plugins.C.Tests\Dung.Plugins.C.Tests.csproj", "{9ED04077-325C-4FCB-B88F-46556BAFFBD4}"
EndProject
Global
	GlobalSection(SolutionConfigurationPlatforms) = preSolution
		Debug|Any CPU = Debug|Any CPU
		Release|Any CPU = Release|Any CPU
	EndGlobalSection
	GlobalSection(ProjectConfigurationPlatforms) = postSolution
		{EEBE2E5D-9748-44D1-9B88-F7DB2738B9EE}.Debug|Any CPU.ActiveCfg = Debug|Any CPU
		{EEBE2E5D-9748-44D1-9B88-F7DB2738B9EE}.Debug|Any CPU.Build.0 = Debug|Any CPU
		{EEBE2E5D-9748-44D1-9B88-F7DB2738B9EE}.Release|Any CPU.ActiveCfg = Release|Any CPU
		{EEBE2E5D-9748-44D1-9B88-F7DB2738B9EE}.Release|Any CPU.Build.0 = Release|Any CPU
		{EEBE2E5D-9748-44D1-9B88-F7DB2738B9EE}.Debug|Any CPU.Deploy.0 = Debug|Any CPU
		{EEBE2E5D-9748-44D1-9B88-F7DB2738B9EE}.Release|Any CPU.Deploy.0 = Release|Any CPU
		{947EA297-2531-4B63-AD97-62450BE372E1}.Debug|Any CPU.ActiveCfg = Debug|Any CPU
		{947EA297-2531-4B63-AD97-62450BE372E1}.Debug|Any CPU.Build.0 = Debug|Any CPU
		{947EA297-2531-4B63-AD97-62450BE372E1}.Release|Any CPU.ActiveCfg = Release|Any CPU
		{947EA297-2531-4B63-AD97-62450BE372E1}.Release|Any CPU.Build.0 = Release|Any CPU
		{6F014403-4D4D-4E42-AB89-00940578E34D}.Debug|Any CPU.ActiveCfg = Debug|Any CPU
		{6F014403-4D4D-4E42-AB89-00940578E34D}.Debug|Any CPU.Build.0 = Debug|Any CPU
		{6F014403-4D4D-4E42-AB89-00940578E34D}.Release|Any CPU.ActiveCfg = Release|Any CPU
		{6F014403-4D4D-4E42-AB89-00940578E34D}.Release|Any CPU.Build.0 = Release|Any CPU
		{BFC3C771-E163-4780-B2A5-BC061FDE7681}.Debug|Any CPU.ActiveCfg = Debug|Any CPU
		{BFC3C771-E163-4780-B2A5-BC061FDE7681}.Debug|Any CPU.Build.0 = Debug|Any CPU
		{BFC3C771-E163-4780-B2A5-BC061FDE7681}.Release|Any CPU.ActiveCfg = Release|Any CPU
		{BFC3C771-E163-4780-B2A5-BC061FDE7681}.Release|Any CPU.Build.0 = Release|Any CPU
		{B445F076-E9E3-4461-A24A-619CBDB3748C}.Debug|Any CPU.ActiveCfg = Debug|Any CPU
		{B445F076-E9E3-4461-A24A-619CBDB3748C}.Debug|Any CPU.Build.0 = Debug|Any CPU
		{B445F076-E9E3-4461-A24A-619CBDB3748C}.Release|Any CPU.ActiveCfg = Release|Any CPU
		{B445F076-E9E3-4461-A24A-619CBDB3748C}.Release|Any CPU.Build.0 = Release|Any CPU
		{9ED04077-325C-4FCB-B88F-46556BAFFBD4}.Debug|Any CPU.ActiveCfg = Debug|Any CPU
		{9ED04077-325C-4FCB-B88F-46556BAFFBD4}.Debug|Any CPU.Build.0 = Debug|Any CPU
		{9ED04077-325C-4FCB-B88F-46556BAFFBD4}.Release|Any CPU.ActiveCfg = Release|Any CPU
		{9ED04077-325C-4FCB-B88F-46556BAFFBD4}.Release|Any CPU.Build.0 = Release|Any CPU
	EndGlobalSection
EndGlobal
